
Microsoft Visual Studio Solution File, Format Version 12.00
# Visual Studio Version 16
VisualStudioVersion = 16.0.30517.126
MinimumVisualStudioVersion = 10.0.40219.1
Project("{FAE04EC0-301F-11D3-BF4B-00C04F79EFBC}") = "Getters and Setters", "Getters and Setters\Getters and Setters.csproj", "{744F72ED-97E8-4ADF-B104-86DF7B386AA5}"
EndProject
Global
	GlobalSection(SolutionConfigurationPlatforms) = preSolution
		Debug|Any CPU = Debug|Any CPU
		Release|Any CPU = Release|Any CPU
	EndGlobalSection
	GlobalSection(ProjectConfigurationPlatforms) = postSolution
		{744F72ED-97E8-4ADF-B104-86DF7B386AA5}.Debug|Any CPU.ActiveCfg = Debug|Any CPU
		{744F72ED-97E8-4ADF-B104-86DF7B386AA5}.Debug|Any CPU.Build.0 = Debug|Any CPU
		{744F72ED-97E8-4ADF-B104-86DF7B386AA5}.Release|Any CPU.ActiveCfg = Release|Any CPU
		{744F72ED-97E8-4ADF-B104-86DF7B386AA5}.Release|Any CPU.Build.0 = Release|Any CPU
	EndGlobalSection
	GlobalSection(SolutionProperties) = preSolution
		HideSolutionNode = FALSE
	EndGlobalSection
	GlobalSection(ExtensibilityGlobals) = postSolution
		SolutionGuid = {270EC63E-124D-417B-97BC-AF09C8D2F0BF}
	EndGlobalSection
EndGlobal
